
Microsoft Visual Studio Solution File, Format Version 11.00
# Visual Studio 2010
Project("{FAE04EC0-301F-11D3-BF4B-00C04F79EFBC}") = "intervals", "intervals\intervals.csproj", "{2EBE8D13-DBF3-4DAF-A7AC-A683F8B4B42C}"
EndProject
Global
	GlobalSection(SolutionConfigurationPlatforms) = preSolution
		Debug|Any CPU = Debug|Any CPU
		Release|Any CPU = Release|Any CPU
	EndGlobalSection
	GlobalSection(ProjectConfigurationPlatforms) = postSolution
		{2EBE8D13-DBF3-4DAF-A7AC-A683F8B4B42C}.Debug|Any CPU.ActiveCfg = Debug|Any CPU
		{2EBE8D13-DBF3-4DAF-A7AC-A683F8B4B42C}.Debug|Any CPU.Build.0 = Debug|Any CPU
		{2EBE8D13-DBF3-4DAF-A7AC-A683F8B4B42C}.Debug|Any CPU.Deploy.0 = Debug|Any CPU
		{2EBE8D13-DBF3-4DAF-A7AC-A683F8B4B42C}.Release|Any CPU.ActiveCfg = Release|Any CPU
		{2EBE8D13-DBF3-4DAF-A7AC-A683F8B4B42C}.Release|Any CPU.Build.0 = Release|Any CPU
		{2EBE8D13-DBF3-4DAF-A7AC-A683F8B4B42C}.Release|Any CPU.Deploy.0 = Release|Any CPU
	EndGlobalSection
	GlobalSection(SolutionProperties) = preSolution
		HideSolutionNode = FALSE
	EndGlobalSection
EndGlobal
