
Microsoft Visual Studio Solution File, Format Version 12.00
# Visual Studio 2013
VisualStudioVersion = 12.0.40629.0
MinimumVisualStudioVersion = 10.0.40219.1
Project("{159641D6-6404-4A2A-AE62-294DE0FE8301}") = "BIML", "Integration Services Project3\BIML.dtproj", "{957548F2-B430-43B9-9332-D64AAB43D939}"
EndProject
Project("{159641D6-6404-4A2A-AE62-294DE0FE8301}") = "LoadStaging", "LoadStaging\LoadStaging.dtproj", "{6F06D3AB-B5A3-4BCA-AA9A-B4D2E595232B}"
EndProject
Global
	GlobalSection(SolutionConfigurationPlatforms) = preSolution
		Development|Default = Development|Default
	EndGlobalSection
	GlobalSection(ProjectConfigurationPlatforms) = postSolution
		{957548F2-B430-43B9-9332-D64AAB43D939}.Development|Default.ActiveCfg = Development
		{957548F2-B430-43B9-9332-D64AAB43D939}.Development|Default.Build.0 = Development
		{6F06D3AB-B5A3-4BCA-AA9A-B4D2E595232B}.Development|Default.ActiveCfg = Development
		{6F06D3AB-B5A3-4BCA-AA9A-B4D2E595232B}.Development|Default.Build.0 = Development
	EndGlobalSection
	GlobalSection(SolutionProperties) = preSolution
		HideSolutionNode = FALSE
	EndGlobalSection
EndGlobal
